
Microsoft Visual Studio Solution File, Format Version 12.00
# Visual Studio 2013
VisualStudioVersion = 12.0.31101.0
MinimumVisualStudioVersion = 10.0.40219.1
Project("{FAE04EC0-301F-11D3-BF4B-00C04F79EFBC}") = "Overview", "Overview\Overview.csproj", "{47A769BD-F8FE-4B02-AC55-A0B3C3BB363E}"
EndProject
Project("{2150E333-8FDC-42A3-9474-1A3956D46DE8}") = ".nuget", ".nuget", "{5CFC494F-EF23-4A43-982E-E51398609A15}"
	ProjectSection(SolutionItems) = preProject
		.nuget\packages.config = .nuget\packages.config
	EndProjectSection
EndProject
Global
	GlobalSection(SolutionConfigurationPlatforms) = preSolution
		Debug|Any CPU = Debug|Any CPU
		Release|Any CPU = Release|Any CPU
	EndGlobalSection
	GlobalSection(ProjectConfigurationPlatforms) = postSolution
		{47A769BD-F8FE-4B02-AC55-A0B3C3BB363E}.Debug|Any CPU.ActiveCfg = Debug|Any CPU
		{47A769BD-F8FE-4B02-AC55-A0B3C3BB363E}.Debug|Any CPU.Build.0 = Debug|Any CPU
		{47A769BD-F8FE-4B02-AC55-A0B3C3BB363E}.Release|Any CPU.ActiveCfg = Release|Any CPU
		{47A769BD-F8FE-4B02-AC55-A0B3C3BB363E}.Release|Any CPU.Build.0 = Release|Any CPU
	EndGlobalSection
	GlobalSection(SolutionProperties) = preSolution
		HideSolutionNode = FALSE
	EndGlobalSection
EndGlobal
